
Microsoft Visual Studio Solution File, Format Version 12.00
# Visual Studio Version 17
VisualStudioVersion = 17.4.33122.133
MinimumVisualStudioVersion = 10.0.40219.1
Project("{9A19103F-16F7-4668-BE54-9A1E7A4F7556}") = "ExtendingAString_Ellis", "ExtendingAString_Ellis\ExtendingAString_Ellis.csproj", "{E8090099-3C35-4204-82C8-F029BD20D4F0}"
EndProject
Project("{FAE04EC0-301F-11D3-BF4B-00C04F79EFBC}") = "ExtendingAString_Tests", "ExtendingAString_Tests\ExtendingAString_Tests.csproj", "{A49083CA-3EFC-4CB5-ACE5-95E9545E220A}"
EndProject
Global
	GlobalSection(SolutionConfigurationPlatforms) = preSolution
		Debug|Any CPU = Debug|Any CPU
		Release|Any CPU = Release|Any CPU
	EndGlobalSection
	GlobalSection(ProjectConfigurationPlatforms) = postSolution
		{E8090099-3C35-4204-82C8-F029BD20D4F0}.Debug|Any CPU.ActiveCfg = Debug|Any CPU
		{E8090099-3C35-4204-82C8-F029BD20D4F0}.Debug|Any CPU.Build.0 = Debug|Any CPU
		{E8090099-3C35-4204-82C8-F029BD20D4F0}.Release|Any CPU.ActiveCfg = Release|Any CPU
		{E8090099-3C35-4204-82C8-F029BD20D4F0}.Release|Any CPU.Build.0 = Release|Any CPU
		{A49083CA-3EFC-4CB5-ACE5-95E9545E220A}.Debug|Any CPU.ActiveCfg = Debug|Any CPU
		{A49083CA-3EFC-4CB5-ACE5-95E9545E220A}.Debug|Any CPU.Build.0 = Debug|Any CPU
		{A49083CA-3EFC-4CB5-ACE5-95E9545E220A}.Release|Any CPU.ActiveCfg = Release|Any CPU
		{A49083CA-3EFC-4CB5-ACE5-95E9545E220A}.Release|Any CPU.Build.0 = Release|Any CPU
	EndGlobalSection
	GlobalSection(SolutionProperties) = preSolution
		HideSolutionNode = FALSE
	EndGlobalSection
	GlobalSection(ExtensibilityGlobals) = postSolution
		SolutionGuid = {75086E66-8979-44D8-9870-ABDAC4C18ABE}
	EndGlobalSection
EndGlobal
